// !$*UTF8*$!
{
	archiveVersion = 1;
	classes = {
	};
	objectVersion = 46;
	objects = {

/* Begin PBXBuildFile section */
		041D93231BD8C58C00AD45D4 /* main.cpp in Sources */ = {isa = PBXBuildFile; fileRef = 041D93221BD8C58C00AD45D4 /* main.cpp */; };
		041D932B1BD8C5A500AD45D4 /* grid.cpp in Sources */ = {isa = PBXBuildFile; fileRef = 041D93291BD8C5A500AD45D4 /* grid.cpp */; settings = {ASSET_TAGS = (); }; };
/* End PBXBuildFile section */

/* Begin PBXCopyFilesBuildPhase section */
		041D931D1BD8C58C00AD45D4 /* CopyFiles */ = {
			isa = PBXCopyFilesBuildPhase;
			buildActionMask = 2147483647;
			dstPath = /usr/share/man/man1/;
			dstSubfolderSpec = 0;
			files = (
			);
			runOnlyForDeploymentPostprocessing = 1;
		};
/* End PBXCopyFilesBuildPhase section */

/* Begin PBXFileReference section */
		041D931F1BD8C58C00AD45D4 /* test 2 */ = {isa = PBXFileReference; explicitFileType = "compiled.mach-o.executable"; includeInIndex = 0; path = "test 2"; sourceTree = BUILT_PRODUCTS_DIR; };
		041D93221BD8C58C00AD45D4 /* main.cpp */ = {isa = PBXFileReference; lastKnownFileType = sourcecode.cpp.cpp; path = main.cpp; sourceTree = "<group>"; };
		041D93291BD8C5A500AD45D4 /* grid.cpp */ = {isa = PBXFileReference; fileEncoding = 4; lastKnownFileType = sourcecode.cpp.cpp; name = grid.cpp; path = "../../CS 31 project 3/CS 31 project 3/grid.cpp"; sourceTree = "<group>"; };
		041D932A1BD8C5A500AD45D4 /* grid.h */ = {isa = PBXFileReference; fileEncoding = 4; lastKnownFileType = sourcecode.c.h; name = grid.h; path = "../../CS 31 project 3/CS 31 project 3/grid.h"; sourceTree = "<group>"; };
/* End PBXFileReference section */

/* Begin PBXFrameworksBuildPhase section */
		041D931C1BD8C58C00AD45D4 /* Frameworks */ = {
			isa = PBXFrameworksBuildPhase;
			buildActionMask = 2147483647;
			files = (
			);
			runOnlyForDeploymentPostprocessing = 0;
		};
/* End PBXFrameworksBuildPhase section */

/* Begin PBXGroup section */
		041D93161BD8C58C00AD45D4 = {
			isa = PBXGroup;
			children = (
				041D93211BD8C58C00AD45D4 /* test 2 */,
				041D93201BD8C58C00AD45D4 /* Products */,
			);
			sourceTree = "<group>";
		};
		041D93201BD8C58C00AD45D4 /* Products */ = {
			isa = PBXGroup;
			children = (
				041D931F1BD8C58C00AD45D4 /* test 2 */,
			);
			name = Products;
			sourceTree = "<group>";
		};
		041D93211BD8C58C00AD45D4 /* test 2 */ = {
			isa = PBXGroup;
			children = (
				041D93221BD8C58C00AD45D4 /* main.cpp */,
				041D93291BD8C5A500AD45D4 /* grid.cpp */,
				041D932A1BD8C5A500AD45D4 /* grid.h */,
			);
			path = "test 2";
			sourceTree = "<group>";
		};
/* End PBXGroup section */

/* Begin PBXNativeTarget section */
		041D931E1BD8C58C00AD45D4 /* test 2 */ = {
			isa = PBXNativeTarget;
			buildConfigurationList = 041D93261BD8C58C00AD45D4 /* Build configuration list for PBXNativeTarget "test 2" */;
			buildPhases = (
				041D931B1BD8C58C00AD45D4 /* Sources */,
				041D931C1BD8C58C00AD45D4 /* Frameworks */,
				041D931D1BD8C58C00AD45D4 /* CopyFiles */,
			);
			buildRules = (
			);
			dependencies = (
			);
			name = "test 2";
			productName = "test 2";
			productReference = 041D931F1BD8C58C00AD45D4 /* test 2 */;
			productType = "com.apple.product-type.tool";
		};
/* End PBXNativeTarget section */

/* Begin PBXProject section */
		041D93171BD8C58C00AD45D4 /* Project object */ = {
			isa = PBXProject;
			attributes = {
				LastUpgradeCheck = 0700;
				ORGANIZATIONNAME = " mac";
				TargetAttributes = {
					041D931E1BD8C58C00AD45D4 = {
						CreatedOnToolsVersion = 7.0.1;
					};
				};
			};
			buildConfigurationList = 041D931A1BD8C58C00AD45D4 /* Build configuration list for PBXProject "test 2" */;
			compatibilityVersion = "Xcode 3.2";
			developmentRegion = English;
			hasScannedForEncodings = 0;
			knownRegions = (
				en,
			);
			mainGroup = 041D93161BD8C58C00AD45D4;
			productRefGroup = 041D93201BD8C58C00AD45D4 /* Products */;
			projectDirPath = "";
			projectRoot = "";
			targets = (
				041D931E1BD8C58C00AD45D4 /* test 2 */,
			);
		};
/* End PBXProject section */

/* Begin PBXSourcesBuildPhase section */
		041D931B1BD8C58C00AD45D4 /* Sources */ = {
			isa = PBXSourcesBuildPhase;
			buildActionMask = 2147483647;
			files = (
				041D93231BD8C58C00AD45D4 /* main.cpp in Sources */,
				041D932B1BD8C5A500AD45D4 /* grid.cpp in Sources */,
			);
			runOnlyForDeploymentPostprocessing = 0;
		};
/* End PBXSourcesBuildPhase section */

/* Begin XCBuildConfiguration section */
		041D93241BD8C58C00AD45D4 /* Debug */ = {
			isa = XCBuildConfiguration;
			buildSettings = {
				ALWAYS_SEARCH_USER_PATHS = NO;
				CLANG_CXX_LANGUAGE_STANDARD = "gnu++0x";
				CLANG_CXX_LIBRARY = "libc++";
				CLANG_ENABLE_MODULES = YES;
				CLANG_ENABLE_OBJC_ARC = YES;
				CLANG_WARN_BOOL_CONVERSION = YES;
				CLANG_WARN_CONSTANT_CONVERSION = YES;
				CLANG_WARN_DIRECT_OBJC_ISA_USAGE = YES_ERROR;
				CLANG_WARN_EMPTY_BODY = YES;
				CLANG_WARN_ENUM_CONVERSION = YES;
				CLANG_WARN_INT_CONVERSION = YES;
				CLANG_WARN_OBJC_ROOT_CLASS = YES_ERROR;
				CLANG_WARN_UNREACHABLE_CODE = YES;
				CLANG_WARN__DUPLICATE_METHOD_MATCH = YES;
				COPY_PHASE_STRIP = NO;
				DEBUG_INFORMATION_FORMAT = dwarf;
				ENABLE_STRICT_OBJC_MSGSEND = YES;
				ENABLE_TESTABILITY = YES;
				GCC_C_LANGUAGE_STANDARD = gnu99;
				GCC_DYNAMIC_NO_PIC = NO;
				GCC_NO_COMMON_BLOCKS = YES;
				GCC_OPTIMIZATION_LEVEL = 0;
				GCC_PREPROCESSOR_DEFINITIONS = (
					"DEBUG=1",
					"$(inherited)",
				);
				GCC_WARN_64_TO_32_BIT_CONVERSION = YES;
				GCC_WARN_ABOUT_RETURN_TYPE = YES_ERROR;
				GCC_WARN_UNDECLARED_SELECTOR = YES;
				GCC_WARN_UNINITIALIZED_AUTOS = YES_AGGRESSIVE;
				GCC_WARN_UNUSED_FUNCTION = YES;
				GCC_WARN_UNUSED_VARIABLE = YES;
				MACOSX_DEPLOYMENT_TARGET = 10.10;
				MTL_ENABLE_DEBUG_INFO = YES;
				ONLY_ACTIVE_ARCH = YES;
				SDKROOT = macosx;
			};
			name = Debug;
		};
		041D93251BD8C58C00AD45D4 /* Release */ = {
			isa = XCBuildConfiguration;
			buildSettings = {
				ALWAYS_SEARCH_USER_PATHS = NO;
				CLANG_CXX_LANGUAGE_STANDARD = "gnu++0x";
				CLANG_CXX_LIBRARY = "libc++";
				CLANG_ENABLE_MODULES = YES;
				CLANG_ENABLE_OBJC_ARC = YES;
				CLANG_WARN_BOOL_CONVERSION = YES;
				CLANG_WARN_CONSTANT_CONVERSION = YES;
				CLANG_WARN_DIRECT_OBJC_ISA_USAGE = YES_ERROR;
				CLANG_WARN_EMPTY_BODY = YES;
				CLANG_WARN_ENUM_CONVERSION = YES;
				CLANG_WARN_INT_CONVERSION = YES;
				CLANG_WARN_OBJC_ROOT_CLASS = YES_ERROR;
				CLANG_WARN_UNREACHABLE_CODE = YES;
				CLANG_WARN__DUPLICATE_METHOD_MATCH = YES;
				COPY_PHASE_STRIP = NO;
				DEBUG_INFORMATION_FORMAT = "dwarf-with-dsym";
				ENABLE_NS_ASSERTIONS = NO;
				ENABLE_STRICT_OBJC_MSGSEND = YES;
				GCC_C_LANGUAGE_STANDARD = gnu99;
				GCC_NO_COMMON_BLOCKS = YES;
				GCC_WARN_64_TO_32_BIT_CONVERSION = YES;
				GCC_WARN_ABOUT_RETURN_TYPE = YES_ERROR;
				GCC_WARN_UNDECLARED_SELECTOR = YES;
				GCC_WARN_UNINITIALIZED_AUTOS = YES_AGGRESSIVE;
				GCC_WARN_UNUSED_FUNCTION = YES;
				GCC_WARN_UNUSED_VARIABLE = YES;
				MACOSX_DEPLOYMENT_TARGET = 10.10;
				MTL_ENABLE_DEBUG_INFO = NO;
				SDKROOT = macosx;
			};
			name = Release;
		};
		041D93271BD8C58C00AD45D4 /* Debug */ = {
			isa = XCBuildConfiguration;
			buildSettings = {
				PRODUCT_NAME = "$(TARGET_NAME)";
			};
			name = Debug;
		};
		041D93281BD8C58C00AD45D4 /* Release */ = {
			isa = XCBuildConfiguration;
			buildSettings = {
				PRODUCT_NAME = "$(TARGET_NAME)";
			};
			name = Release;
		};
/* End XCBuildConfiguration section */

/* Begin XCConfigurationList section */
		041D931A1BD8C58C00AD45D4 /* Build configuration list for PBXProject "test 2" */ = {
			isa = XCConfigurationList;
			buildConfigurations = (
				041D93241BD8C58C00AD45D4 /* Debug */,
				041D93251BD8C58C00AD45D4 /* Release */,
			);
			defaultConfigurationIsVisible = 0;
			defaultConfigurationName = Release;
		};
		041D93261BD8C58C00AD45D4 /* Build configuration list for PBXNativeTarget "test 2" */ = {
			isa = XCConfigurationList;
			buildConfigurations = (
				041D93271BD8C58C00AD45D4 /* Debug */,
				041D93281BD8C58C00AD45D4 /* Release */,
			);
			defaultConfigurationIsVisible = 0;
		};
/* End XCConfigurationList section */
	};
	rootObject = 041D93171BD8C58C00AD45D4 /* Project object */;
}
